{"1.2.0",
[{<<"hut">>,{pkg,<<"hut">>,<<"1.2.1">>},0},
 {<<"rocksdb">>,{pkg,<<"rocksdb">>,<<"1.7.0">>},0},
 {<<"sext">>,{pkg,<<"sext">>,<<"1.8.0">>},0}]}.
[
{pkg_hash,[
 {<<"hut">>, <<"08D46679523043424870723923971889E8A34D63B2F946A35B46CF921D1236E7">>},
 {<<"rocksdb">>, <<"5D23319998A7FCE5FFD5D7824116C905CABA7F91BAF8EDDABD0180F1BB272CEF">>},
 {<<"sext">>, <<"90A95B889F5C781B70BBCF44278B763148E313C376B60D87CE664CB1C1DD29B5">>}]},
{pkg_hash_ext,[
 {<<"hut">>, <<"953FC447514BAF9CC79FA147D66469243C94DFA1593779614E070C692D0BF0F3">>},
 {<<"rocksdb">>, <<"A4BDC5DD80ED137161549713062131E8240523787EBE7B51DF61CFB48B1786CE">>},
 {<<"sext">>, <<"BC6016CB8690BAF677EACACFE6E7CADFEC8DC7E286CBBED762F6CD55B0678E73">>}]}
].
